{
  "nodes": {
    "darwin": {
      "inputs": {
        "nixpkgs": [
          "macosPkgs"
        ]
      },
      "locked": {
        "lastModified": 1686307493,
        "narHash": "sha256-R4VEFnDn7nRmNxAu1LwNbjns5DPM8IBsvnrWmZ8ymPs=",
        "owner": "lnl7",
        "repo": "nix-darwin",
        "rev": "7c16d31383a90e0e72ace0c35d2d66a18f90fb4f",
        "type": "github"
      },
      "original": {
        "owner": "lnl7",
        "repo": "nix-darwin",
        "type": "github"
      }
    },
    "disko": {
      "inputs": {
        "nixpkgs": [
          "unstable"
        ]
      },
      "locked": {
        "lastModified": 1686545384,
        "narHash": "sha256-XniReOaWLjubBAXk6Wx2Ny6/b9Xdsx3viLhhs7ycuWw=",
        "owner": "nix-community",
        "repo": "disko",
        "rev": "55eea2030a42845102334eb29f054f0c6604a32c",
        "type": "github"
      },
      "original": {
        "owner": "nix-community",
        "repo": "disko",
        "type": "github"
      }
    },
    "flake-parts": {
      "inputs": {
        "nixpkgs-lib": "nixpkgs-lib"
      },
      "locked": {
        "lastModified": 1685662779,
        "narHash": "sha256-cKDDciXGpMEjP1n6HlzKinN0H+oLmNpgeCTzYnsA2po=",
        "owner": "hercules-ci",
        "repo": "flake-parts",
        "rev": "71fb97f0d875fd4de4994dfb849f2c75e17eb6c3",
        "type": "github"
      },
      "original": {
        "owner": "hercules-ci",
        "repo": "flake-parts",
        "type": "github"
      }
    },
    "impermanence": {
      "locked": {
        "lastModified": 1684264534,
        "narHash": "sha256-K0zr+ry3FwIo3rN2U/VWAkCJSgBslBisvfRIPwMbuCQ=",
        "owner": "nix-community",
        "repo": "impermanence",
        "rev": "89253fb1518063556edd5e54509c30ac3089d5e6",
        "type": "github"
      },
      "original": {
        "owner": "nix-community",
        "repo": "impermanence",
        "type": "github"
      }
    },
    "linuxHome": {
      "inputs": {
        "nixpkgs": [
          "stablePkgs"
        ]
      },
      "locked": {
        "lastModified": 1687163790,
        "narHash": "sha256-CmG/ZdswJrWM0CMgJiVyWfO6LqaI4SKEAx9IrnYDrpI=",
        "owner": "nix-community",
        "repo": "home-manager",
        "rev": "ac53777f52929bc82efcd2830bfc5aa60bcb4337",
        "type": "github"
      },
      "original": {
        "owner": "nix-community",
        "ref": "release-23.05",
        "repo": "home-manager",
        "type": "github"
      }
    },
    "macosHome": {
      "inputs": {
        "nixpkgs": [
          "macosPkgs"
        ]
      },
      "locked": {
        "lastModified": 1685599623,
        "narHash": "sha256-Tob4CMOVHue0D3RzguDBCtUmX5ji2PsdbQDbIOIKvsc=",
        "owner": "nix-community",
        "repo": "home-manager",
        "rev": "93db05480c0c0f30382d3e80779e8386dcb4f9dd",
        "type": "github"
      },
      "original": {
        "owner": "nix-community",
        "ref": "release-23.05",
        "repo": "home-manager",
        "type": "github"
      }
    },
    "macosPkgs": {
      "locked": {
        "lastModified": 1686508239,
        "narHash": "sha256-EaRJCP0d1eNqeu/vc2D3Cf9pcvHyyTZWJDN24R4sMPE=",
        "owner": "nixos",
        "repo": "nixpkgs",
        "rev": "c098266ef8d5e6397cfa2bf213f61c0186f46720",
        "type": "github"
      },
      "original": {
        "owner": "nixos",
        "ref": "nixpkgs-23.05-darwin",
        "repo": "nixpkgs",
        "type": "github"
      }
    },
    "nixpkgs-lib": {
      "locked": {
        "dir": "lib",
        "lastModified": 1685564631,
        "narHash": "sha256-8ywr3AkblY4++3lIVxmrWZFzac7+f32ZEhH/A8pNscI=",
        "owner": "NixOS",
        "repo": "nixpkgs",
        "rev": "4f53efe34b3a8877ac923b9350c874e3dcd5dc0a",
        "type": "github"
      },
      "original": {
        "dir": "lib",
        "owner": "NixOS",
        "ref": "nixos-unstable",
        "repo": "nixpkgs",
        "type": "github"
      }
    },
    "root": {
      "inputs": {
        "darwin": "darwin",
        "disko": "disko",
        "flake-parts": "flake-parts",
        "impermanence": "impermanence",
        "linuxHome": "linuxHome",
        "macosHome": "macosHome",
        "macosPkgs": "macosPkgs",
        "stablePkgs": "stablePkgs",
        "unstable": "unstable"
      }
    },
    "stablePkgs": {
      "locked": {
        "lastModified": 1687017257,
        "narHash": "sha256-jbk0Szj1DPe9KwySeMr3KzYqW1JaUKJ6lYwSLMvc1n0=",
        "owner": "nixos",
        "repo": "nixpkgs",
        "rev": "aaef163eac75c2ac7f882c1fae4e0c08aa18d186",
        "type": "github"
      },
      "original": {
        "owner": "nixos",
        "ref": "nixos-23.05",
        "repo": "nixpkgs",
        "type": "github"
      }
    },
    "unstable": {
      "locked": {
        "lastModified": 1686496983,
        "narHash": "sha256-DX7PZwzBVHQpwG4vK5zUa61/RFk2BQb3uTxJQg2wiM0=",
        "owner": "nixos",
        "repo": "nixpkgs",
        "rev": "3d318cb303f285d2964d4137619cb21ddd56cfd5",
        "type": "github"
      },
      "original": {
        "owner": "nixos",
        "ref": "nixos-unstable-small",
        "repo": "nixpkgs",
        "type": "github"
      }
    }
  },
  "root": "root",
  "version": 7
}
